{
  "name": "mcp-zerodha",
  "lockfileVersion": 3,
  "requires": true,
  "packages": {
    "": {
      "name": "mcp-zerodha",
      "dependencies": {
        "bun": "^1.2.13"
      },
      "devDependencies": {
        "@types/bun": "latest"
      },
      "peerDependencies": {
        "typescript": "^5"
      }
    },
    "node_modules/@oven/bun-darwin-aarch64": {
      "version": "1.2.13",
      "resolved": "https://registry.npmjs.org/@oven/bun-darwin-aarch64/-/bun-darwin-aarch64-1.2.13.tgz",
      "integrity": "sha512-AOU4O9jxRp2TXeqoEfOjEaUNZb3+SUPBN8TIEnUjpnyLWPoYJGCeNdQuCDcUkmF3MJEmEuJdyF1IeOITozpC6A==",
      "cpu": [
        "arm64"
      ],
      "license": "MIT",
      "optional": true,
      "os": [
        "darwin"
      ]
    },
    "node_modules/@oven/bun-darwin-x64": {
      "version": "1.2.13",
      "resolved": "https://registry.npmjs.org/@oven/bun-darwin-x64/-/bun-darwin-x64-1.2.13.tgz",
      "integrity": "sha512-kJ2iOvxY8uz5/nu+8zIjKf4LmRIHBH9pJJM2q+tA47U04Tod6k6rtntDOI8SdmRe2M5c87RfbadWdxhpYHFIWQ==",
      "cpu": [
        "x64"
      ],
      "license": "MIT",
      "optional": true,
      "os": [
        "darwin"
      ]
    },
    "node_modules/@oven/bun-darwin-x64-baseline": {
      "version": "1.2.13",
      "resolved": "https://registry.npmjs.org/@oven/bun-darwin-x64-baseline/-/bun-darwin-x64-baseline-1.2.13.tgz",
      "integrity": "sha512-bZpIUOvx9np07AmH5MVXGYHWZ40m2vCpNV74fma6sCzBlssJclS2V3BZgO+lLvtUKSqnW3HAyJBGsRF34wPbNw==",
      "cpu": [
        "x64"
      ],
      "license": "MIT",
      "optional": true,
      "os": [
        "darwin"
      ]
    },
    "node_modules/@oven/bun-linux-aarch64": {
      "version": "1.2.13",
      "resolved": "https://registry.npmjs.org/@oven/bun-linux-aarch64/-/bun-linux-aarch64-1.2.13.tgz",
      "integrity": "sha512-hocSJmblX4CCjP1HpaM64I65erB+CONUCCwKzGGOfLGLobVi+vn/G56UaYWsje1y/Z7WlVaUSgKYVWl7EJ6T9g==",
      "cpu": [
        "arm64"
      ],
      "license": "MIT",
      "optional": true,
      "os": [
        "linux"
      ]
    },
    "node_modules/@oven/bun-linux-aarch64-musl": {
      "version": "1.2.13",
      "resolved": "https://registry.npmjs.org/@oven/bun-linux-aarch64-musl/-/bun-linux-aarch64-musl-1.2.13.tgz",
      "integrity": "sha512-P56m718KXeyu4Vq5fsESFktfu+0Us1jhu/ZzgHYFRYJcm/hjs6AUA/RJtUAifFy5PNAM5IJdrYl3xPsE8Wa+pg==",
      "cpu": [
        "aarch64"
      ],
      "license": "MIT",
      "optional": true,
      "os": [
        "linux"
      ]
    },
    "node_modules/@oven/bun-linux-x64": {
      "version": "1.2.13",
      "resolved": "https://registry.npmjs.org/@oven/bun-linux-x64/-/bun-linux-x64-1.2.13.tgz",
      "integrity": "sha512-pf8+Kn2GLrFKLcb8JSLM6Z147Af6L9GQODpnOHM4gvXQv6E/GwQg47/o+7f1XCfzib3fdzOTJlDPvvO1rnXOTA==",
      "cpu": [
        "x64"
      ],
      "license": "MIT",
      "optional": true,
      "os": [
        "linux"
      ]
    },
    "node_modules/@oven/bun-linux-x64-baseline": {
      "version": "1.2.13",
      "resolved": "https://registry.npmjs.org/@oven/bun-linux-x64-baseline/-/bun-linux-x64-baseline-1.2.13.tgz",
      "integrity": "sha512-9n1ai2ejEpxEMqpbHQMWFyvacq3MYsB7gh5mxRlFwhNFPCWu/Sv6gyrO+q2vkOYgcEIGhJb6dqJ6L9vBNaL61A==",
      "cpu": [
        "x64"
      ],
      "license": "MIT",
      "optional": true,
      "os": [
        "linux"
      ]
    },
    "node_modules/@oven/bun-linux-x64-musl": {
      "version": "1.2.13",
      "resolved": "https://registry.npmjs.org/@oven/bun-linux-x64-musl/-/bun-linux-x64-musl-1.2.13.tgz",
      "integrity": "sha512-w5Ob+GM3Ww4yRA6f1N845o6wEvuwHSmipFUGaRaVp4UELrFnIV9G3pmrlBbYHFnWhk13o8Q7H1/4ZphOkCRJmQ==",
      "cpu": [
        "x64"
      ],
      "license": "MIT",
      "optional": true,
      "os": [
        "linux"
      ]
    },
    "node_modules/@oven/bun-linux-x64-musl-baseline": {
      "version": "1.2.13",
      "resolved": "https://registry.npmjs.org/@oven/bun-linux-x64-musl-baseline/-/bun-linux-x64-musl-baseline-1.2.13.tgz",
      "integrity": "sha512-VI8hVdfqk0QmbAbyrsIdo2O95n3fkbt72E0h3Wu69cHD1iKJqRXG28R8QoHdehoLSJnKVzRTwsUzHp764nefWQ==",
      "cpu": [
        "x64"
      ],
      "license": "MIT",
      "optional": true,
      "os": [
        "linux"
      ]
    },
    "node_modules/@oven/bun-windows-x64": {
      "version": "1.2.13",
      "resolved": "https://registry.npmjs.org/@oven/bun-windows-x64/-/bun-windows-x64-1.2.13.tgz",
      "integrity": "sha512-sArgbRmT7V3mUdNFaAdUcuJsuS+oeMDZLPWFSg0gtQZpRrURs9nPzEnZMmVCFo4+kPF9Tb5ujQT9uDySh6/qVg==",
      "cpu": [
        "x64"
      ],
      "license": "MIT",
      "optional": true,
      "os": [
        "win32"
      ]
    },
    "node_modules/@oven/bun-windows-x64-baseline": {
      "version": "1.2.13",
      "resolved": "https://registry.npmjs.org/@oven/bun-windows-x64-baseline/-/bun-windows-x64-baseline-1.2.13.tgz",
      "integrity": "sha512-Aiezu99fOUJJpzGuylOJryd6w9Syg2TBigHeXV2+RJsouBzvAnIEYIBA94ZspRq1ulD26Wmkk8Ae+jZ4edk9GA==",
      "cpu": [
        "x64"
      ],
      "license": "MIT",
      "optional": true,
      "os": [
        "win32"
      ]
    },
    "node_modules/@types/bun": {
      "version": "1.2.13",
      "resolved": "https://registry.npmjs.org/@types/bun/-/bun-1.2.13.tgz",
      "integrity": "sha512-u6vXep/i9VBxoJl3GjZsl/BFIsvML8DfVDO0RYLEwtSZSp981kEO1V5NwRcO1CPJ7AmvpbnDCiMKo3JvbDEjAg==",
      "dev": true,
      "license": "MIT",
      "dependencies": {
        "bun-types": "1.2.13"
      }
    },
    "node_modules/@types/node": {
      "version": "22.15.20",
      "resolved": "https://registry.npmjs.org/@types/node/-/node-22.15.20.tgz",
      "integrity": "sha512-A6BohGFRGHAscJsTslDCA9JG7qSJr/DWUvrvY8yi9IgnGtMxCyat7vvQ//MFa0DnLsyuS3wYTpLdw4Hf+Q5JXw==",
      "dev": true,
      "license": "MIT",
      "dependencies": {
        "undici-types": "~6.21.0"
      }
    },
    "node_modules/bun": {
      "version": "1.2.13",
      "resolved": "https://registry.npmjs.org/bun/-/bun-1.2.13.tgz",
      "integrity": "sha512-EhP1MhFbicqtaRSFCbEZdkcFco8Ov47cNJcB9QmKS8U4cojKHfLU+dQR14lCvLYmtBvGgwv/Lp+9SSver2OPzQ==",
      "cpu": [
        "arm64",
        "x64",
        "aarch64"
      ],
      "hasInstallScript": true,
      "license": "MIT",
      "os": [
        "darwin",
        "linux",
        "win32"
      ],
      "bin": {
        "bun": "bin/bun.exe",
        "bunx": "bin/bun.exe"
      },
      "optionalDependencies": {
        "@oven/bun-darwin-aarch64": "1.2.13",
        "@oven/bun-darwin-x64": "1.2.13",
        "@oven/bun-darwin-x64-baseline": "1.2.13",
        "@oven/bun-linux-aarch64": "1.2.13",
        "@oven/bun-linux-aarch64-musl": "1.2.13",
        "@oven/bun-linux-x64": "1.2.13",
        "@oven/bun-linux-x64-baseline": "1.2.13",
        "@oven/bun-linux-x64-musl": "1.2.13",
        "@oven/bun-linux-x64-musl-baseline": "1.2.13",
        "@oven/bun-windows-x64": "1.2.13",
        "@oven/bun-windows-x64-baseline": "1.2.13"
      }
    },
    "node_modules/bun-types": {
      "version": "1.2.13",
      "resolved": "https://registry.npmjs.org/bun-types/-/bun-types-1.2.13.tgz",
      "integrity": "sha512-rRjA1T6n7wto4gxhAO/ErZEtOXyEZEmnIHQfl0Dt1QQSB4QV0iP6BZ9/YB5fZaHFQ2dwHFrmPaRQ9GGMX01k9Q==",
      "dev": true,
      "license": "MIT",
      "dependencies": {
        "@types/node": "*"
      }
    },
    "node_modules/typescript": {
      "version": "5.8.3",
      "resolved": "https://registry.npmjs.org/typescript/-/typescript-5.8.3.tgz",
      "integrity": "sha512-p1diW6TqL9L07nNxvRMM7hMMw4c5XOo/1ibL4aAIGmSAt9slTE1Xgw5KWuof2uTOvCg9BY7ZRi+GaF+7sfgPeQ==",
      "license": "Apache-2.0",
      "peer": true,
      "bin": {
        "tsc": "bin/tsc",
        "tsserver": "bin/tsserver"
      },
      "engines": {
        "node": ">=14.17"
      }
    },
    "node_modules/undici-types": {
      "version": "6.21.0",
      "resolved": "https://registry.npmjs.org/undici-types/-/undici-types-6.21.0.tgz",
      "integrity": "sha512-iwDZqg0QAGrg9Rav5H4n0M64c3mkR59cJ6wQp+7C4nI0gsmExaedaYLNO44eT4AtBBwjbTiGPMlt2Md0T9H9JQ==",
      "dev": true,
      "license": "MIT"
    }
  }
}
